
Microsoft Visual Studio Solution File, Format Version 12.00
# Visual Studio Version 17
VisualStudioVersion = 17.13.35931.197
MinimumVisualStudioVersion = 10.0.40219.1
Project("{FAE04EC0-301F-11D3-BF4B-00C04F79EFBC}") = "AuthService", "AuthService\AuthService.csproj", "{93894643-84DE-4E1B-8717-5A8489160254}"
EndProject
Project("{FAE04EC0-301F-11D3-BF4B-00C04F79EFBC}") = "AuthService.Test", "AuthService.Test\AuthService.Test.csproj", "{C6C299C4-CFD4-4691-9F8B-9DCCF3E8CADB}"
EndProject
Project("{FAE04EC0-301F-11D3-BF4B-00C04F79EFBC}") = "GatewayService", "GatewayService\GatewayService.csproj", "{1A767B65-C4DD-47DE-A053-8CA6EDB74DF4}"
EndProject
Global
	GlobalSection(SolutionConfigurationPlatforms) = preSolution
		Debug|Any CPU = Debug|Any CPU
		Release|Any CPU = Release|Any CPU
	EndGlobalSection
	GlobalSection(ProjectConfigurationPlatforms) = postSolution
		{93894643-84DE-4E1B-8717-5A8489160254}.Debug|Any CPU.ActiveCfg = Debug|Any CPU
		{93894643-84DE-4E1B-8717-5A8489160254}.Debug|Any CPU.Build.0 = Debug|Any CPU
		{93894643-84DE-4E1B-8717-5A8489160254}.Release|Any CPU.ActiveCfg = Release|Any CPU
		{93894643-84DE-4E1B-8717-5A8489160254}.Release|Any CPU.Build.0 = Release|Any CPU
		{C6C299C4-CFD4-4691-9F8B-9DCCF3E8CADB}.Debug|Any CPU.ActiveCfg = Debug|Any CPU
		{C6C299C4-CFD4-4691-9F8B-9DCCF3E8CADB}.Debug|Any CPU.Build.0 = Debug|Any CPU
		{C6C299C4-CFD4-4691-9F8B-9DCCF3E8CADB}.Release|Any CPU.ActiveCfg = Release|Any CPU
		{C6C299C4-CFD4-4691-9F8B-9DCCF3E8CADB}.Release|Any CPU.Build.0 = Release|Any CPU
		{1A767B65-C4DD-47DE-A053-8CA6EDB74DF4}.Debug|Any CPU.ActiveCfg = Debug|Any CPU
		{1A767B65-C4DD-47DE-A053-8CA6EDB74DF4}.Debug|Any CPU.Build.0 = Debug|Any CPU
		{1A767B65-C4DD-47DE-A053-8CA6EDB74DF4}.Release|Any CPU.ActiveCfg = Release|Any CPU
		{1A767B65-C4DD-47DE-A053-8CA6EDB74DF4}.Release|Any CPU.Build.0 = Release|Any CPU
	EndGlobalSection
	GlobalSection(SolutionProperties) = preSolution
		HideSolutionNode = FALSE
	EndGlobalSection
	GlobalSection(ExtensibilityGlobals) = postSolution
		SolutionGuid = {FC3FE9F3-AB80-4693-B582-232E863210B2}
	EndGlobalSection
EndGlobal
