
Microsoft Visual Studio Solution File, Format Version 12.00
# Visual Studio Version 17
VisualStudioVersion = 17.13.35931.197 d17.13
MinimumVisualStudioVersion = 10.0.40219.1
Project("{FAE04EC0-301F-11D3-BF4B-00C04F79EFBC}") = "CloudSealCore", "CloudSealCore\CloudSealCore.csproj", "{BDEFE4E2-42F6-4D47-8E8A-70ED9A862B9F}"
EndProject
Global
	GlobalSection(SolutionConfigurationPlatforms) = preSolution
		Debug|Any CPU = Debug|Any CPU
		Release|Any CPU = Release|Any CPU
	EndGlobalSection
	GlobalSection(ProjectConfigurationPlatforms) = postSolution
		{BDEFE4E2-42F6-4D47-8E8A-70ED9A862B9F}.Debug|Any CPU.ActiveCfg = Debug|Any CPU
		{BDEFE4E2-42F6-4D47-8E8A-70ED9A862B9F}.Debug|Any CPU.Build.0 = Debug|Any CPU
		{BDEFE4E2-42F6-4D47-8E8A-70ED9A862B9F}.Release|Any CPU.ActiveCfg = Release|Any CPU
		{BDEFE4E2-42F6-4D47-8E8A-70ED9A862B9F}.Release|Any CPU.Build.0 = Release|Any CPU
	EndGlobalSection
	GlobalSection(SolutionProperties) = preSolution
		HideSolutionNode = FALSE
	EndGlobalSection
	GlobalSection(ExtensibilityGlobals) = postSolution
		SolutionGuid = {AE66C524-2607-4B84-AABD-3A988CECFF78}
	EndGlobalSection
EndGlobal
