
Microsoft Visual Studio Solution File, Format Version 12.00
# Visual Studio Version 17
Project("{2150E333-8FDC-42A3-9474-1A3956D46DE8}") = "CMakePredefinedTargets", "CMakePredefinedTargets", "{AB019F8E-28A0-34C5-952D-28079BFEACB5}"
EndProject
Project("{2150E333-8FDC-42A3-9474-1A3956D46DE8}") = "QtInternalTargets", "QtInternalTargets", "{D521888F-E246-35CC-A42E-7DB383B3CC23}"
EndProject
Project("{8BC9CEB8-8B4A-11D0-8D11-00A0C91BC942}") = "ALL_BUILD", "ALL_BUILD.vcxproj", "{B0AE8BCA-83B7-323C-B612-5DF8F279121F}"
	ProjectSection(ProjectDependencies) = postProject
		{B205FFEA-6C06-35DA-8CCB-0B87D6F5568F} = {B205FFEA-6C06-35DA-8CCB-0B87D6F5568F}
		{50E0C312-6D20-38BF-B26A-9A12FE9B9FF6} = {50E0C312-6D20-38BF-B26A-9A12FE9B9FF6}
		{3292D7BD-6816-3C87-AF01-E6550A05F100} = {3292D7BD-6816-3C87-AF01-E6550A05F100}
		{566C9519-CA13-3722-971C-D00B980156D4} = {566C9519-CA13-3722-971C-D00B980156D4}
	EndProjectSection
EndProject
Project("{8BC9CEB8-8B4A-11D0-8D11-00A0C91BC942}") = "CloudSealProtos", "src\grpc\CloudSealProtos.vcxproj", "{B205FFEA-6C06-35DA-8CCB-0B87D6F5568F}"
	ProjectSection(ProjectDependencies) = postProject
		{A58CBF37-0345-3C6F-89B5-D35B915E9CBB} = {A58CBF37-0345-3C6F-89B5-D35B915E9CBB}
		{50E0C312-6D20-38BF-B26A-9A12FE9B9FF6} = {50E0C312-6D20-38BF-B26A-9A12FE9B9FF6}
		{3292D7BD-6816-3C87-AF01-E6550A05F100} = {3292D7BD-6816-3C87-AF01-E6550A05F100}
	EndProjectSection
EndProject
Project("{8BC9CEB8-8B4A-11D0-8D11-00A0C91BC942}") = "CloudSealProtos_autogen", "src\grpc\CloudSealProtos_autogen.vcxproj", "{A58CBF37-0345-3C6F-89B5-D35B915E9CBB}"
	ProjectSection(ProjectDependencies) = postProject
		{75FC9854-5C32-3DC1-A5E3-182C9203A2D3} = {75FC9854-5C32-3DC1-A5E3-182C9203A2D3}
		{4E68E2D9-1C71-303E-A29D-5FBFCF1B6C73} = {4E68E2D9-1C71-303E-A29D-5FBFCF1B6C73}
		{50E0C312-6D20-38BF-B26A-9A12FE9B9FF6} = {50E0C312-6D20-38BF-B26A-9A12FE9B9FF6}
		{3292D7BD-6816-3C87-AF01-E6550A05F100} = {3292D7BD-6816-3C87-AF01-E6550A05F100}
	EndProjectSection
EndProject
Project("{8BC9CEB8-8B4A-11D0-8D11-00A0C91BC942}") = "CloudSealProtos_other_files", "src\grpc\CloudSealProtos_other_files.vcxproj", "{783ACA97-BB60-3185-9D8A-2B9126F520D2}"
	ProjectSection(ProjectDependencies) = postProject
		{3292D7BD-6816-3C87-AF01-E6550A05F100} = {3292D7BD-6816-3C87-AF01-E6550A05F100}
	EndProjectSection
EndProject
Project("{8BC9CEB8-8B4A-11D0-8D11-00A0C91BC942}") = "CloudSealProtos_qtgrpcgen_deps_0", "src\grpc\CloudSealProtos_qtgrpcgen_deps_0.vcxproj", "{75FC9854-5C32-3DC1-A5E3-182C9203A2D3}"
	ProjectSection(ProjectDependencies) = postProject
		{3292D7BD-6816-3C87-AF01-E6550A05F100} = {3292D7BD-6816-3C87-AF01-E6550A05F100}
	EndProjectSection
EndProject
Project("{8BC9CEB8-8B4A-11D0-8D11-00A0C91BC942}") = "CloudSealProtos_qtprotobufgen_deps_0", "src\grpc\CloudSealProtos_qtprotobufgen_deps_0.vcxproj", "{4E68E2D9-1C71-303E-A29D-5FBFCF1B6C73}"
	ProjectSection(ProjectDependencies) = postProject
		{3292D7BD-6816-3C87-AF01-E6550A05F100} = {3292D7BD-6816-3C87-AF01-E6550A05F100}
	EndProjectSection
EndProject
Project("{8BC9CEB8-8B4A-11D0-8D11-00A0C91BC942}") = "CloudSealProtos_qtprotoreg", "src\grpc\CloudSealProtos_qtprotoreg.vcxproj", "{50E0C312-6D20-38BF-B26A-9A12FE9B9FF6}"
	ProjectSection(ProjectDependencies) = postProject
		{4E68E2D9-1C71-303E-A29D-5FBFCF1B6C73} = {4E68E2D9-1C71-303E-A29D-5FBFCF1B6C73}
		{3292D7BD-6816-3C87-AF01-E6550A05F100} = {3292D7BD-6816-3C87-AF01-E6550A05F100}
	EndProjectSection
EndProject
Project("{8BC9CEB8-8B4A-11D0-8D11-00A0C91BC942}") = "INSTALL", "INSTALL.vcxproj", "{C8B3EF9F-ADFD-395C-90B0-A81610B3BD2A}"
	ProjectSection(ProjectDependencies) = postProject
		{B0AE8BCA-83B7-323C-B612-5DF8F279121F} = {B0AE8BCA-83B7-323C-B612-5DF8F279121F}
		{3292D7BD-6816-3C87-AF01-E6550A05F100} = {3292D7BD-6816-3C87-AF01-E6550A05F100}
	EndProjectSection
EndProject
Project("{8BC9CEB8-8B4A-11D0-8D11-00A0C91BC942}") = "ZERO_CHECK", "ZERO_CHECK.vcxproj", "{3292D7BD-6816-3C87-AF01-E6550A05F100}"
	ProjectSection(ProjectDependencies) = postProject
	EndProjectSection
EndProject
Project("{8BC9CEB8-8B4A-11D0-8D11-00A0C91BC942}") = "app", "src\app.vcxproj", "{566C9519-CA13-3722-971C-D00B980156D4}"
	ProjectSection(ProjectDependencies) = postProject
		{B205FFEA-6C06-35DA-8CCB-0B87D6F5568F} = {B205FFEA-6C06-35DA-8CCB-0B87D6F5568F}
		{3292D7BD-6816-3C87-AF01-E6550A05F100} = {3292D7BD-6816-3C87-AF01-E6550A05F100}
	EndProjectSection
EndProject
Global
	GlobalSection(SolutionConfigurationPlatforms) = preSolution
		Debug|x64 = Debug|x64
		Release|x64 = Release|x64
		MinSizeRel|x64 = MinSizeRel|x64
		RelWithDebInfo|x64 = RelWithDebInfo|x64
	EndGlobalSection
	GlobalSection(ProjectConfigurationPlatforms) = postSolution
		{B0AE8BCA-83B7-323C-B612-5DF8F279121F}.Debug|x64.ActiveCfg = Debug|x64
		{B0AE8BCA-83B7-323C-B612-5DF8F279121F}.Debug|x64.Build.0 = Debug|x64
		{B0AE8BCA-83B7-323C-B612-5DF8F279121F}.Release|x64.ActiveCfg = Release|x64
		{B0AE8BCA-83B7-323C-B612-5DF8F279121F}.Release|x64.Build.0 = Release|x64
		{B0AE8BCA-83B7-323C-B612-5DF8F279121F}.MinSizeRel|x64.ActiveCfg = MinSizeRel|x64
		{B0AE8BCA-83B7-323C-B612-5DF8F279121F}.MinSizeRel|x64.Build.0 = MinSizeRel|x64
		{B0AE8BCA-83B7-323C-B612-5DF8F279121F}.RelWithDebInfo|x64.ActiveCfg = RelWithDebInfo|x64
		{B0AE8BCA-83B7-323C-B612-5DF8F279121F}.RelWithDebInfo|x64.Build.0 = RelWithDebInfo|x64
		{B205FFEA-6C06-35DA-8CCB-0B87D6F5568F}.Debug|x64.ActiveCfg = Debug|x64
		{B205FFEA-6C06-35DA-8CCB-0B87D6F5568F}.Debug|x64.Build.0 = Debug|x64
		{B205FFEA-6C06-35DA-8CCB-0B87D6F5568F}.Release|x64.ActiveCfg = Release|x64
		{B205FFEA-6C06-35DA-8CCB-0B87D6F5568F}.Release|x64.Build.0 = Release|x64
		{B205FFEA-6C06-35DA-8CCB-0B87D6F5568F}.MinSizeRel|x64.ActiveCfg = MinSizeRel|x64
		{B205FFEA-6C06-35DA-8CCB-0B87D6F5568F}.MinSizeRel|x64.Build.0 = MinSizeRel|x64
		{B205FFEA-6C06-35DA-8CCB-0B87D6F5568F}.RelWithDebInfo|x64.ActiveCfg = RelWithDebInfo|x64
		{B205FFEA-6C06-35DA-8CCB-0B87D6F5568F}.RelWithDebInfo|x64.Build.0 = RelWithDebInfo|x64
		{A58CBF37-0345-3C6F-89B5-D35B915E9CBB}.Debug|x64.ActiveCfg = Debug|x64
		{A58CBF37-0345-3C6F-89B5-D35B915E9CBB}.Debug|x64.Build.0 = Debug|x64
		{A58CBF37-0345-3C6F-89B5-D35B915E9CBB}.Release|x64.ActiveCfg = Release|x64
		{A58CBF37-0345-3C6F-89B5-D35B915E9CBB}.Release|x64.Build.0 = Release|x64
		{A58CBF37-0345-3C6F-89B5-D35B915E9CBB}.MinSizeRel|x64.ActiveCfg = MinSizeRel|x64
		{A58CBF37-0345-3C6F-89B5-D35B915E9CBB}.MinSizeRel|x64.Build.0 = MinSizeRel|x64
		{A58CBF37-0345-3C6F-89B5-D35B915E9CBB}.RelWithDebInfo|x64.ActiveCfg = RelWithDebInfo|x64
		{A58CBF37-0345-3C6F-89B5-D35B915E9CBB}.RelWithDebInfo|x64.Build.0 = RelWithDebInfo|x64
		{783ACA97-BB60-3185-9D8A-2B9126F520D2}.Debug|x64.ActiveCfg = Debug|x64
		{783ACA97-BB60-3185-9D8A-2B9126F520D2}.Release|x64.ActiveCfg = Release|x64
		{783ACA97-BB60-3185-9D8A-2B9126F520D2}.MinSizeRel|x64.ActiveCfg = MinSizeRel|x64
		{783ACA97-BB60-3185-9D8A-2B9126F520D2}.RelWithDebInfo|x64.ActiveCfg = RelWithDebInfo|x64
		{75FC9854-5C32-3DC1-A5E3-182C9203A2D3}.Debug|x64.ActiveCfg = Debug|x64
		{75FC9854-5C32-3DC1-A5E3-182C9203A2D3}.Debug|x64.Build.0 = Debug|x64
		{75FC9854-5C32-3DC1-A5E3-182C9203A2D3}.Release|x64.ActiveCfg = Release|x64
		{75FC9854-5C32-3DC1-A5E3-182C9203A2D3}.Release|x64.Build.0 = Release|x64
		{75FC9854-5C32-3DC1-A5E3-182C9203A2D3}.MinSizeRel|x64.ActiveCfg = MinSizeRel|x64
		{75FC9854-5C32-3DC1-A5E3-182C9203A2D3}.MinSizeRel|x64.Build.0 = MinSizeRel|x64
		{75FC9854-5C32-3DC1-A5E3-182C9203A2D3}.RelWithDebInfo|x64.ActiveCfg = RelWithDebInfo|x64
		{75FC9854-5C32-3DC1-A5E3-182C9203A2D3}.RelWithDebInfo|x64.Build.0 = RelWithDebInfo|x64
		{4E68E2D9-1C71-303E-A29D-5FBFCF1B6C73}.Debug|x64.ActiveCfg = Debug|x64
		{4E68E2D9-1C71-303E-A29D-5FBFCF1B6C73}.Debug|x64.Build.0 = Debug|x64
		{4E68E2D9-1C71-303E-A29D-5FBFCF1B6C73}.Release|x64.ActiveCfg = Release|x64
		{4E68E2D9-1C71-303E-A29D-5FBFCF1B6C73}.Release|x64.Build.0 = Release|x64
		{4E68E2D9-1C71-303E-A29D-5FBFCF1B6C73}.MinSizeRel|x64.ActiveCfg = MinSizeRel|x64
		{4E68E2D9-1C71-303E-A29D-5FBFCF1B6C73}.MinSizeRel|x64.Build.0 = MinSizeRel|x64
		{4E68E2D9-1C71-303E-A29D-5FBFCF1B6C73}.RelWithDebInfo|x64.ActiveCfg = RelWithDebInfo|x64
		{4E68E2D9-1C71-303E-A29D-5FBFCF1B6C73}.RelWithDebInfo|x64.Build.0 = RelWithDebInfo|x64
		{50E0C312-6D20-38BF-B26A-9A12FE9B9FF6}.Debug|x64.ActiveCfg = Debug|x64
		{50E0C312-6D20-38BF-B26A-9A12FE9B9FF6}.Debug|x64.Build.0 = Debug|x64
		{50E0C312-6D20-38BF-B26A-9A12FE9B9FF6}.Release|x64.ActiveCfg = Release|x64
		{50E0C312-6D20-38BF-B26A-9A12FE9B9FF6}.Release|x64.Build.0 = Release|x64
		{50E0C312-6D20-38BF-B26A-9A12FE9B9FF6}.MinSizeRel|x64.ActiveCfg = MinSizeRel|x64
		{50E0C312-6D20-38BF-B26A-9A12FE9B9FF6}.MinSizeRel|x64.Build.0 = MinSizeRel|x64
		{50E0C312-6D20-38BF-B26A-9A12FE9B9FF6}.RelWithDebInfo|x64.ActiveCfg = RelWithDebInfo|x64
		{50E0C312-6D20-38BF-B26A-9A12FE9B9FF6}.RelWithDebInfo|x64.Build.0 = RelWithDebInfo|x64
		{C8B3EF9F-ADFD-395C-90B0-A81610B3BD2A}.Debug|x64.ActiveCfg = Debug|x64
		{C8B3EF9F-ADFD-395C-90B0-A81610B3BD2A}.Release|x64.ActiveCfg = Release|x64
		{C8B3EF9F-ADFD-395C-90B0-A81610B3BD2A}.MinSizeRel|x64.ActiveCfg = MinSizeRel|x64
		{C8B3EF9F-ADFD-395C-90B0-A81610B3BD2A}.RelWithDebInfo|x64.ActiveCfg = RelWithDebInfo|x64
		{3292D7BD-6816-3C87-AF01-E6550A05F100}.Debug|x64.ActiveCfg = Debug|x64
		{3292D7BD-6816-3C87-AF01-E6550A05F100}.Debug|x64.Build.0 = Debug|x64
		{3292D7BD-6816-3C87-AF01-E6550A05F100}.Release|x64.ActiveCfg = Release|x64
		{3292D7BD-6816-3C87-AF01-E6550A05F100}.Release|x64.Build.0 = Release|x64
		{3292D7BD-6816-3C87-AF01-E6550A05F100}.MinSizeRel|x64.ActiveCfg = MinSizeRel|x64
		{3292D7BD-6816-3C87-AF01-E6550A05F100}.MinSizeRel|x64.Build.0 = MinSizeRel|x64
		{3292D7BD-6816-3C87-AF01-E6550A05F100}.RelWithDebInfo|x64.ActiveCfg = RelWithDebInfo|x64
		{3292D7BD-6816-3C87-AF01-E6550A05F100}.RelWithDebInfo|x64.Build.0 = RelWithDebInfo|x64
		{566C9519-CA13-3722-971C-D00B980156D4}.Debug|x64.ActiveCfg = Debug|x64
		{566C9519-CA13-3722-971C-D00B980156D4}.Debug|x64.Build.0 = Debug|x64
		{566C9519-CA13-3722-971C-D00B980156D4}.Release|x64.ActiveCfg = Release|x64
		{566C9519-CA13-3722-971C-D00B980156D4}.Release|x64.Build.0 = Release|x64
		{566C9519-CA13-3722-971C-D00B980156D4}.MinSizeRel|x64.ActiveCfg = MinSizeRel|x64
		{566C9519-CA13-3722-971C-D00B980156D4}.MinSizeRel|x64.Build.0 = MinSizeRel|x64
		{566C9519-CA13-3722-971C-D00B980156D4}.RelWithDebInfo|x64.ActiveCfg = RelWithDebInfo|x64
		{566C9519-CA13-3722-971C-D00B980156D4}.RelWithDebInfo|x64.Build.0 = RelWithDebInfo|x64
	EndGlobalSection
	GlobalSection(NestedProjects) = preSolution
		{B0AE8BCA-83B7-323C-B612-5DF8F279121F} = {AB019F8E-28A0-34C5-952D-28079BFEACB5}
		{C8B3EF9F-ADFD-395C-90B0-A81610B3BD2A} = {AB019F8E-28A0-34C5-952D-28079BFEACB5}
		{3292D7BD-6816-3C87-AF01-E6550A05F100} = {AB019F8E-28A0-34C5-952D-28079BFEACB5}
		{A58CBF37-0345-3C6F-89B5-D35B915E9CBB} = {D521888F-E246-35CC-A42E-7DB383B3CC23}
	EndGlobalSection
	GlobalSection(ExtensibilityGlobals) = postSolution
		SolutionGuid = {A1B08CF1-62EF-3B7A-9AA8-41F41C0C6A99}
	EndGlobalSection
	GlobalSection(ExtensibilityAddIns) = postSolution
	EndGlobalSection
EndGlobal
